
Microsoft Visual Studio Solution File, Format Version 12.00
# Visual Studio Version 17
VisualStudioVersion = 17.13.35919.96 d17.13
MinimumVisualStudioVersion = 10.0.40219.1
Project("{E24C65DC-7377-472B-9ABA-BC803B73C61A}") = "my-restaurant", ".", "{4A2C666E-F796-3A6B-C112-B6E8E646B2AB}"
	ProjectSection(WebsiteProperties) = preProject
		TargetFrameworkMoniker = ".NETFramework,Version%3Dv4.8"
		Debug.AspNetCompiler.VirtualPath = "/localhost_51604"
		Debug.AspNetCompiler.PhysicalPath = "..\my-restaurant\"
		Debug.AspNetCompiler.TargetPath = "PrecompiledWeb\localhost_51604\"
		Debug.AspNetCompiler.Updateable = "true"
		Debug.AspNetCompiler.ForceOverwrite = "true"
		Debug.AspNetCompiler.FixedNames = "false"
		Debug.AspNetCompiler.Debug = "True"
		Release.AspNetCompiler.VirtualPath = "/localhost_51604"
		Release.AspNetCompiler.PhysicalPath = "..\my-restaurant\"
		Release.AspNetCompiler.TargetPath = "PrecompiledWeb\localhost_51604\"
		Release.AspNetCompiler.Updateable = "true"
		Release.AspNetCompiler.ForceOverwrite = "true"
		Release.AspNetCompiler.FixedNames = "false"
		Release.AspNetCompiler.Debug = "False"
		VWDPort = "51604"
		SlnRelativePath = "..\my-restaurant\"
	EndProjectSection
EndProject
Global
	GlobalSection(SolutionConfigurationPlatforms) = preSolution
		Debug|Any CPU = Debug|Any CPU
	EndGlobalSection
	GlobalSection(ProjectConfigurationPlatforms) = postSolution
		{4A2C666E-F796-3A6B-C112-B6E8E646B2AB}.Debug|Any CPU.ActiveCfg = Debug|Any CPU
		{4A2C666E-F796-3A6B-C112-B6E8E646B2AB}.Debug|Any CPU.Build.0 = Debug|Any CPU
	EndGlobalSection
	GlobalSection(SolutionProperties) = preSolution
		HideSolutionNode = FALSE
	EndGlobalSection
	GlobalSection(ExtensibilityGlobals) = postSolution
		SolutionGuid = {68176502-99A4-44AB-92A4-708E7A9FCE38}
	EndGlobalSection
EndGlobal
